
Microsoft Visual Studio Solution File, Format Version 12.00
# Visual Studio 14
VisualStudioVersion = 14.0.24720.0
MinimumVisualStudioVersion = 10.0.40219.1
Project("{8BC9CEB8-8B4A-11D0-8D11-00A0C91BC942}") = "7zpp", "7zpp\7zpp.vcxproj", "{87675A89-D1C2-4C3D-ABA6-497E75A89962}"
EndProject
Project("{8BC9CEB8-8B4A-11D0-8D11-00A0C91BC942}") = "7zpp-TestApp", "7zpp-TestApp\7zpp-TestApp.vcxproj", "{221858F5-5CED-4142-BD41-5A70972F9926}"
	ProjectSection(ProjectDependencies) = postProject
		{87675A89-D1C2-4C3D-ABA6-497E75A89962} = {87675A89-D1C2-4C3D-ABA6-497E75A89962}
	EndProjectSection
EndProject
Global
	GlobalSection(SolutionConfigurationPlatforms) = preSolution
		Debug|x64 = Debug|x64
		Debug|x86 = Debug|x86
		MBCS Debug|x64 = MBCS Debug|x64
		MBCS Debug|x86 = MBCS Debug|x86
		MBCS Release|x64 = MBCS Release|x64
		MBCS Release|x86 = MBCS Release|x86
		Release|x64 = Release|x64
		Release|x86 = Release|x86
		Unicode Debug|x64 = Unicode Debug|x64
		Unicode Debug|x86 = Unicode Debug|x86
		Unicode Release|x64 = Unicode Release|x64
		Unicode Release|x86 = Unicode Release|x86
	EndGlobalSection
	GlobalSection(ProjectConfigurationPlatforms) = postSolution
		{87675A89-D1C2-4C3D-ABA6-497E75A89962}.Debug|x64.ActiveCfg = Unicode Debug|x64
		{87675A89-D1C2-4C3D-ABA6-497E75A89962}.Debug|x64.Build.0 = Unicode Debug|x64
		{87675A89-D1C2-4C3D-ABA6-497E75A89962}.Debug|x86.ActiveCfg = Unicode Debug|Win32
		{87675A89-D1C2-4C3D-ABA6-497E75A89962}.Debug|x86.Build.0 = Unicode Debug|Win32
		{87675A89-D1C2-4C3D-ABA6-497E75A89962}.MBCS Debug|x64.ActiveCfg = MBCS Debug|x64
		{87675A89-D1C2-4C3D-ABA6-497E75A89962}.MBCS Debug|x64.Build.0 = MBCS Debug|x64
		{87675A89-D1C2-4C3D-ABA6-497E75A89962}.MBCS Debug|x86.ActiveCfg = MBCS Debug|Win32
		{87675A89-D1C2-4C3D-ABA6-497E75A89962}.MBCS Debug|x86.Build.0 = MBCS Debug|Win32
		{87675A89-D1C2-4C3D-ABA6-497E75A89962}.MBCS Release|x64.ActiveCfg = MBCS Release|x64
		{87675A89-D1C2-4C3D-ABA6-497E75A89962}.MBCS Release|x64.Build.0 = MBCS Release|x64
		{87675A89-D1C2-4C3D-ABA6-497E75A89962}.MBCS Release|x86.ActiveCfg = MBCS Release|Win32
		{87675A89-D1C2-4C3D-ABA6-497E75A89962}.MBCS Release|x86.Build.0 = MBCS Release|Win32
		{87675A89-D1C2-4C3D-ABA6-497E75A89962}.Release|x64.ActiveCfg = Unicode Release|x64
		{87675A89-D1C2-4C3D-ABA6-497E75A89962}.Release|x64.Build.0 = Unicode Release|x64
		{87675A89-D1C2-4C3D-ABA6-497E75A89962}.Release|x86.ActiveCfg = Unicode Release|Win32
		{87675A89-D1C2-4C3D-ABA6-497E75A89962}.Release|x86.Build.0 = Unicode Release|Win32
		{87675A89-D1C2-4C3D-ABA6-497E75A89962}.Unicode Debug|x64.ActiveCfg = Unicode Debug|x64
		{87675A89-D1C2-4C3D-ABA6-497E75A89962}.Unicode Debug|x64.Build.0 = Unicode Debug|x64
		{87675A89-D1C2-4C3D-ABA6-497E75A89962}.Unicode Debug|x86.ActiveCfg = Unicode Debug|Win32
		{87675A89-D1C2-4C3D-ABA6-497E75A89962}.Unicode Debug|x86.Build.0 = Unicode Debug|Win32
		{87675A89-D1C2-4C3D-ABA6-497E75A89962}.Unicode Release|x64.ActiveCfg = Unicode Release|x64
		{87675A89-D1C2-4C3D-ABA6-497E75A89962}.Unicode Release|x64.Build.0 = Unicode Release|x64
		{87675A89-D1C2-4C3D-ABA6-497E75A89962}.Unicode Release|x86.ActiveCfg = Unicode Release|Win32
		{87675A89-D1C2-4C3D-ABA6-497E75A89962}.Unicode Release|x86.Build.0 = Unicode Release|Win32
		{221858F5-5CED-4142-BD41-5A70972F9926}.Debug|x64.ActiveCfg = Debug|x64
		{221858F5-5CED-4142-BD41-5A70972F9926}.Debug|x64.Build.0 = Debug|x64
		{221858F5-5CED-4142-BD41-5A70972F9926}.Debug|x86.ActiveCfg = Debug|Win32
		{221858F5-5CED-4142-BD41-5A70972F9926}.Debug|x86.Build.0 = Debug|Win32
		{221858F5-5CED-4142-BD41-5A70972F9926}.MBCS Debug|x64.ActiveCfg = Debug|x64
		{221858F5-5CED-4142-BD41-5A70972F9926}.MBCS Debug|x64.Build.0 = Debug|x64
		{221858F5-5CED-4142-BD41-5A70972F9926}.MBCS Debug|x86.ActiveCfg = Debug|Win32
		{221858F5-5CED-4142-BD41-5A70972F9926}.MBCS Debug|x86.Build.0 = Debug|Win32
		{221858F5-5CED-4142-BD41-5A70972F9926}.MBCS Release|x64.ActiveCfg = Release|x64
		{221858F5-5CED-4142-BD41-5A70972F9926}.MBCS Release|x64.Build.0 = Release|x64
		{221858F5-5CED-4142-BD41-5A70972F9926}.MBCS Release|x86.ActiveCfg = Release|Win32
		{221858F5-5CED-4142-BD41-5A70972F9926}.MBCS Release|x86.Build.0 = Release|Win32
		{221858F5-5CED-4142-BD41-5A70972F9926}.Release|x64.ActiveCfg = Release|x64
		{221858F5-5CED-4142-BD41-5A70972F9926}.Release|x64.Build.0 = Release|x64
		{221858F5-5CED-4142-BD41-5A70972F9926}.Release|x86.ActiveCfg = Release|Win32
		{221858F5-5CED-4142-BD41-5A70972F9926}.Release|x86.Build.0 = Release|Win32
		{221858F5-5CED-4142-BD41-5A70972F9926}.Unicode Debug|x64.ActiveCfg = Debug|x64
		{221858F5-5CED-4142-BD41-5A70972F9926}.Unicode Debug|x64.Build.0 = Debug|x64
		{221858F5-5CED-4142-BD41-5A70972F9926}.Unicode Debug|x86.ActiveCfg = Debug|Win32
		{221858F5-5CED-4142-BD41-5A70972F9926}.Unicode Debug|x86.Build.0 = Debug|Win32
		{221858F5-5CED-4142-BD41-5A70972F9926}.Unicode Release|x64.ActiveCfg = Release|x64
		{221858F5-5CED-4142-BD41-5A70972F9926}.Unicode Release|x64.Build.0 = Release|x64
		{221858F5-5CED-4142-BD41-5A70972F9926}.Unicode Release|x86.ActiveCfg = Release|Win32
		{221858F5-5CED-4142-BD41-5A70972F9926}.Unicode Release|x86.Build.0 = Release|Win32
	EndGlobalSection
	GlobalSection(SolutionProperties) = preSolution
		HideSolutionNode = FALSE
	EndGlobalSection
EndGlobal
